
Microsoft Visual Studio Solution File, Format Version 12.00
# Visual Studio Version 17
VisualStudioVersion = 17.7.34031.279
MinimumVisualStudioVersion = 10.0.40219.1
Project("{FAE04EC0-301F-11D3-BF4B-00C04F79EFBC}") = "Crayon.API", "Crayon.API\Crayon.API.csproj", "{0E0D0D4D-2028-4339-83C5-8AF23CE6F0B8}"
EndProject
Global
	GlobalSection(SolutionConfigurationPlatforms) = preSolution
		Debug|Any CPU = Debug|Any CPU
		Release|Any CPU = Release|Any CPU
	EndGlobalSection
	GlobalSection(ProjectConfigurationPlatforms) = postSolution
		{0E0D0D4D-2028-4339-83C5-8AF23CE6F0B8}.Debug|Any CPU.ActiveCfg = Debug|Any CPU
		{0E0D0D4D-2028-4339-83C5-8AF23CE6F0B8}.Debug|Any CPU.Build.0 = Debug|Any CPU
		{0E0D0D4D-2028-4339-83C5-8AF23CE6F0B8}.Release|Any CPU.ActiveCfg = Release|Any CPU
		{0E0D0D4D-2028-4339-83C5-8AF23CE6F0B8}.Release|Any CPU.Build.0 = Release|Any CPU
	EndGlobalSection
	GlobalSection(SolutionProperties) = preSolution
		HideSolutionNode = FALSE
	EndGlobalSection
	GlobalSection(ExtensibilityGlobals) = postSolution
		SolutionGuid = {AE59D39F-E5FA-497C-BAA9-DB138C4A0FCF}
	EndGlobalSection
EndGlobal
